
Microsoft Visual Studio Solution File, Format Version 12.00
# Visual Studio Version 17
VisualStudioVersion = 17.5.33530.505
MinimumVisualStudioVersion = 10.0.40219.1
Project("{9A19103F-16F7-4668-BE54-9A1E7A4F7556}") = "WebAPI", "QuestionsCommunity\WebAPI.csproj", "{D49D3D50-E172-421E-9E92-2E52A4D1B57A}"
EndProject
Project("{9A19103F-16F7-4668-BE54-9A1E7A4F7556}") = "Domain", "Domain\Domain.csproj", "{0720BEA6-EA52-4381-950B-2D8F93319D42}"
EndProject
Project("{9A19103F-16F7-4668-BE54-9A1E7A4F7556}") = "Application", "Application\Application.csproj", "{3084AAE9-5FE6-4C1F-9E0F-65AB15CD44ED}"
EndProject
Project("{9A19103F-16F7-4668-BE54-9A1E7A4F7556}") = "Infrastructure", "Infrastructure\Infrastructure.csproj", "{C26DC0F8-8D19-4990-AD7E-B598CB3DDF88}"
EndProject
Project("{FAE04EC0-301F-11D3-BF4B-00C04F79EFBC}") = "QuestionCommunity.UnitTests", "QuestionCommunity.UnitTests\QuestionCommunity.UnitTests.csproj", "{5D710C83-B850-4CEB-B860-A20E361CED0C}"
EndProject
Global
	GlobalSection(SolutionConfigurationPlatforms) = preSolution
		Debug|Any CPU = Debug|Any CPU
		Release|Any CPU = Release|Any CPU
	EndGlobalSection
	GlobalSection(ProjectConfigurationPlatforms) = postSolution
		{D49D3D50-E172-421E-9E92-2E52A4D1B57A}.Debug|Any CPU.ActiveCfg = Debug|Any CPU
		{D49D3D50-E172-421E-9E92-2E52A4D1B57A}.Debug|Any CPU.Build.0 = Debug|Any CPU
		{D49D3D50-E172-421E-9E92-2E52A4D1B57A}.Release|Any CPU.ActiveCfg = Release|Any CPU
		{D49D3D50-E172-421E-9E92-2E52A4D1B57A}.Release|Any CPU.Build.0 = Release|Any CPU
		{0720BEA6-EA52-4381-950B-2D8F93319D42}.Debug|Any CPU.ActiveCfg = Debug|Any CPU
		{0720BEA6-EA52-4381-950B-2D8F93319D42}.Debug|Any CPU.Build.0 = Debug|Any CPU
		{0720BEA6-EA52-4381-950B-2D8F93319D42}.Release|Any CPU.ActiveCfg = Release|Any CPU
		{0720BEA6-EA52-4381-950B-2D8F93319D42}.Release|Any CPU.Build.0 = Release|Any CPU
		{3084AAE9-5FE6-4C1F-9E0F-65AB15CD44ED}.Debug|Any CPU.ActiveCfg = Debug|Any CPU
		{3084AAE9-5FE6-4C1F-9E0F-65AB15CD44ED}.Debug|Any CPU.Build.0 = Debug|Any CPU
		{3084AAE9-5FE6-4C1F-9E0F-65AB15CD44ED}.Release|Any CPU.ActiveCfg = Release|Any CPU
		{3084AAE9-5FE6-4C1F-9E0F-65AB15CD44ED}.Release|Any CPU.Build.0 = Release|Any CPU
		{C26DC0F8-8D19-4990-AD7E-B598CB3DDF88}.Debug|Any CPU.ActiveCfg = Debug|Any CPU
		{C26DC0F8-8D19-4990-AD7E-B598CB3DDF88}.Debug|Any CPU.Build.0 = Debug|Any CPU
		{C26DC0F8-8D19-4990-AD7E-B598CB3DDF88}.Release|Any CPU.ActiveCfg = Release|Any CPU
		{C26DC0F8-8D19-4990-AD7E-B598CB3DDF88}.Release|Any CPU.Build.0 = Release|Any CPU
		{5D710C83-B850-4CEB-B860-A20E361CED0C}.Debug|Any CPU.ActiveCfg = Debug|Any CPU
		{5D710C83-B850-4CEB-B860-A20E361CED0C}.Debug|Any CPU.Build.0 = Debug|Any CPU
		{5D710C83-B850-4CEB-B860-A20E361CED0C}.Release|Any CPU.ActiveCfg = Release|Any CPU
		{5D710C83-B850-4CEB-B860-A20E361CED0C}.Release|Any CPU.Build.0 = Release|Any CPU
	EndGlobalSection
	GlobalSection(SolutionProperties) = preSolution
		HideSolutionNode = FALSE
	EndGlobalSection
	GlobalSection(ExtensibilityGlobals) = postSolution
		SolutionGuid = {F3D0912E-952B-4BC5-8011-C6F604D7584A}
	EndGlobalSection
EndGlobal
